// !$*UTF8*$!
{
	archiveVersion = 1;
	classes = {
	};
	objectVersion = 50;
	objects = {

/* Begin PBXBuildFile section */
		163156D3219EC7CA00ADCAC4 /* AppDelegate.swift in Sources */ = {isa = PBXBuildFile; fileRef = 163156D2219EC7CA00ADCAC4 /* AppDelegate.swift */; };
		163156D5219EC7CA00ADCAC4 /* ViewController.swift in Sources */ = {isa = PBXBuildFile; fileRef = 163156D4219EC7CA00ADCAC4 /* ViewController.swift */; };
		163156D8219EC7CA00ADCAC4 /* Main.storyboard in Resources */ = {isa = PBXBuildFile; fileRef = 163156D6219EC7CA00ADCAC4 /* Main.storyboard */; };
		163156DB219EC7CA00ADCAC4 /* TrusButCheck.xcdatamodeld in Sources */ = {isa = PBXBuildFile; fileRef = 163156D9219EC7CA00ADCAC4 /* TrusButCheck.xcdatamodeld */; };
		163156DD219EC7CE00ADCAC4 /* Assets.xcassets in Resources */ = {isa = PBXBuildFile; fileRef = 163156DC219EC7CE00ADCAC4 /* Assets.xcassets */; };
		163156E0219EC7CE00ADCAC4 /* LaunchScreen.storyboard in Resources */ = {isa = PBXBuildFile; fileRef = 163156DE219EC7CE00ADCAC4 /* LaunchScreen.storyboard */; };
		163156EB219EC7CE00ADCAC4 /* TrusButCheckTests.swift in Sources */ = {isa = PBXBuildFile; fileRef = 163156EA219EC7CE00ADCAC4 /* TrusButCheckTests.swift */; };
		163156F6219EC7CE00ADCAC4 /* TrusButCheckUITests.swift in Sources */ = {isa = PBXBuildFile; fileRef = 163156F5219EC7CE00ADCAC4 /* TrusButCheckUITests.swift */; };
/* End PBXBuildFile section */

/* Begin PBXContainerItemProxy section */
		163156E7219EC7CE00ADCAC4 /* PBXContainerItemProxy */ = {
			isa = PBXContainerItemProxy;
			containerPortal = 163156C7219EC7CA00ADCAC4 /* Project object */;
			proxyType = 1;
			remoteGlobalIDString = 163156CE219EC7CA00ADCAC4;
			remoteInfo = TrusButCheck;
		};
		163156F2219EC7CE00ADCAC4 /* PBXContainerItemProxy */ = {
			isa = PBXContainerItemProxy;
			containerPortal = 163156C7219EC7CA00ADCAC4 /* Project object */;
			proxyType = 1;
			remoteGlobalIDString = 163156CE219EC7CA00ADCAC4;
			remoteInfo = TrusButCheck;
		};
/* End PBXContainerItemProxy section */

/* Begin PBXFileReference section */
		163156CF219EC7CA00ADCAC4 /* TrusButCheck.app */ = {isa = PBXFileReference; explicitFileType = wrapper.application; includeInIndex = 0; path = TrusButCheck.app; sourceTree = BUILT_PRODUCTS_DIR; };
		163156D2219EC7CA00ADCAC4 /* AppDelegate.swift */ = {isa = PBXFileReference; lastKnownFileType = sourcecode.swift; path = AppDelegate.swift; sourceTree = "<group>"; };
		163156D4219EC7CA00ADCAC4 /* ViewController.swift */ = {isa = PBXFileReference; lastKnownFileType = sourcecode.swift; path = ViewController.swift; sourceTree = "<group>"; };
		163156D7219EC7CA00ADCAC4 /* Base */ = {isa = PBXFileReference; lastKnownFileType = file.storyboard; name = Base; path = Base.lproj/Main.storyboard; sourceTree = "<group>"; };
		163156DA219EC7CA00ADCAC4 /* TrusButCheck.xcdatamodel */ = {isa = PBXFileReference; lastKnownFileType = wrapper.xcdatamodel; path = TrusButCheck.xcdatamodel; sourceTree = "<group>"; };
		163156DC219EC7CE00ADCAC4 /* Assets.xcassets */ = {isa = PBXFileReference; lastKnownFileType = folder.assetcatalog; path = Assets.xcassets; sourceTree = "<group>"; };
		163156DF219EC7CE00ADCAC4 /* Base */ = {isa = PBXFileReference; lastKnownFileType = file.storyboard; name = Base; path = Base.lproj/LaunchScreen.storyboard; sourceTree = "<group>"; };
		163156E1219EC7CE00ADCAC4 /* Info.plist */ = {isa = PBXFileReference; lastKnownFileType = text.plist.xml; path = Info.plist; sourceTree = "<group>"; };
		163156E6219EC7CE00ADCAC4 /* TrusButCheckTests.xctest */ = {isa = PBXFileReference; explicitFileType = wrapper.cfbundle; includeInIndex = 0; path = TrusButCheckTests.xctest; sourceTree = BUILT_PRODUCTS_DIR; };
		163156EA219EC7CE00ADCAC4 /* TrusButCheckTests.swift */ = {isa = PBXFileReference; lastKnownFileType = sourcecode.swift; path = TrusButCheckTests.swift; sourceTree = "<group>"; };
		163156EC219EC7CE00ADCAC4 /* Info.plist */ = {isa = PBXFileReference; lastKnownFileType = text.plist.xml; path = Info.plist; sourceTree = "<group>"; };
		163156F1219EC7CE00ADCAC4 /* TrusButCheckUITests.xctest */ = {isa = PBXFileReference; explicitFileType = wrapper.cfbundle; includeInIndex = 0; path = TrusButCheckUITests.xctest; sourceTree = BUILT_PRODUCTS_DIR; };
		163156F5219EC7CE00ADCAC4 /* TrusButCheckUITests.swift */ = {isa = PBXFileReference; lastKnownFileType = sourcecode.swift; path = TrusButCheckUITests.swift; sourceTree = "<group>"; };
		163156F7219EC7CE00ADCAC4 /* Info.plist */ = {isa = PBXFileReference; lastKnownFileType = text.plist.xml; path = Info.plist; sourceTree = "<group>"; };
/* End PBXFileReference section */

/* Begin PBXFrameworksBuildPhase section */
		163156CC219EC7CA00ADCAC4 /* Frameworks */ = {
			isa = PBXFrameworksBuildPhase;
			buildActionMask = 2147483647;
			files = (
			);
			runOnlyForDeploymentPostprocessing = 0;
		};
		163156E3219EC7CE00ADCAC4 /* Frameworks */ = {
			isa = PBXFrameworksBuildPhase;
			buildActionMask = 2147483647;
			files = (
			);
			runOnlyForDeploymentPostprocessing = 0;
		};
		163156EE219EC7CE00ADCAC4 /* Frameworks */ = {
			isa = PBXFrameworksBuildPhase;
			buildActionMask = 2147483647;
			files = (
			);
			runOnlyForDeploymentPostprocessing = 0;
		};
/* End PBXFrameworksBuildPhase section */

/* Begin PBXGroup section */
		163156C6219EC7CA00ADCAC4 = {
			isa = PBXGroup;
			children = (
				163156D1219EC7CA00ADCAC4 /* TrusButCheck */,
				163156E9219EC7CE00ADCAC4 /* TrusButCheckTests */,
				163156F4219EC7CE00ADCAC4 /* TrusButCheckUITests */,
				163156D0219EC7CA00ADCAC4 /* Products */,
			);
			sourceTree = "<group>";
		};
		163156D0219EC7CA00ADCAC4 /* Products */ = {
			isa = PBXGroup;
			children = (
				163156CF219EC7CA00ADCAC4 /* TrusButCheck.app */,
				163156E6219EC7CE00ADCAC4 /* TrusButCheckTests.xctest */,
				163156F1219EC7CE00ADCAC4 /* TrusButCheckUITests.xctest */,
			);
			name = Products;
			sourceTree = "<group>";
		};
		163156D1219EC7CA00ADCAC4 /* TrusButCheck */ = {
			isa = PBXGroup;
			children = (
				163156D2219EC7CA00ADCAC4 /* AppDelegate.swift */,
				163156D4219EC7CA00ADCAC4 /* ViewController.swift */,
				163156D6219EC7CA00ADCAC4 /* Main.storyboard */,
				163156DC219EC7CE00ADCAC4 /* Assets.xcassets */,
				163156DE219EC7CE00ADCAC4 /* LaunchScreen.storyboard */,
				163156E1219EC7CE00ADCAC4 /* Info.plist */,
				163156D9219EC7CA00ADCAC4 /* TrusButCheck.xcdatamodeld */,
			);
			path = TrusButCheck;
			sourceTree = "<group>";
		};
		163156E9219EC7CE00ADCAC4 /* TrusButCheckTests */ = {
			isa = PBXGroup;
			children = (
				163156EA219EC7CE00ADCAC4 /* TrusButCheckTests.swift */,
				163156EC219EC7CE00ADCAC4 /* Info.plist */,
			);
			path = TrusButCheckTests;
			sourceTree = "<group>";
		};
		163156F4219EC7CE00ADCAC4 /* TrusButCheckUITests */ = {
			isa = PBXGroup;
			children = (
				163156F5219EC7CE00ADCAC4 /* TrusButCheckUITests.swift */,
				163156F7219EC7CE00ADCAC4 /* Info.plist */,
			);
			path = TrusButCheckUITests;
			sourceTree = "<group>";
		};
/* End PBXGroup section */

/* Begin PBXNativeTarget section */
		163156CE219EC7CA00ADCAC4 /* TrusButCheck */ = {
			isa = PBXNativeTarget;
			buildConfigurationList = 163156FA219EC7CE00ADCAC4 /* Build configuration list for PBXNativeTarget "TrusButCheck" */;
			buildPhases = (
				163156CB219EC7CA00ADCAC4 /* Sources */,
				163156CC219EC7CA00ADCAC4 /* Frameworks */,
				163156CD219EC7CA00ADCAC4 /* Resources */,
			);
			buildRules = (
			);
			dependencies = (
			);
			name = TrusButCheck;
			productName = TrusButCheck;
			productReference = 163156CF219EC7CA00ADCAC4 /* TrusButCheck.app */;
			productType = "com.apple.product-type.application";
		};
		163156E5219EC7CE00ADCAC4 /* TrusButCheckTests */ = {
			isa = PBXNativeTarget;
			buildConfigurationList = 163156FD219EC7CE00ADCAC4 /* Build configuration list for PBXNativeTarget "TrusButCheckTests" */;
			buildPhases = (
				163156E2219EC7CE00ADCAC4 /* Sources */,
				163156E3219EC7CE00ADCAC4 /* Frameworks */,
				163156E4219EC7CE00ADCAC4 /* Resources */,
			);
			buildRules = (
			);
			dependencies = (
				163156E8219EC7CE00ADCAC4 /* PBXTargetDependency */,
			);
			name = TrusButCheckTests;
			productName = TrusButCheckTests;
			productReference = 163156E6219EC7CE00ADCAC4 /* TrusButCheckTests.xctest */;
			productType = "com.apple.product-type.bundle.unit-test";
		};
		163156F0219EC7CE00ADCAC4 /* TrusButCheckUITests */ = {
			isa = PBXNativeTarget;
			buildConfigurationList = 16315700219EC7CE00ADCAC4 /* Build configuration list for PBXNativeTarget "TrusButCheckUITests" */;
			buildPhases = (
				163156ED219EC7CE00ADCAC4 /* Sources */,
				163156EE219EC7CE00ADCAC4 /* Frameworks */,
				163156EF219EC7CE00ADCAC4 /* Resources */,
			);
			buildRules = (
			);
			dependencies = (
				163156F3219EC7CE00ADCAC4 /* PBXTargetDependency */,
			);
			name = TrusButCheckUITests;
			productName = TrusButCheckUITests;
			productReference = 163156F1219EC7CE00ADCAC4 /* TrusButCheckUITests.xctest */;
			productType = "com.apple.product-type.bundle.ui-testing";
		};
/* End PBXNativeTarget section */

/* Begin PBXProject section */
		163156C7219EC7CA00ADCAC4 /* Project object */ = {
			isa = PBXProject;
			attributes = {
				LastSwiftUpdateCheck = 0940;
				LastUpgradeCheck = 0940;
				ORGANIZATIONNAME = "Jesse Flores";
				TargetAttributes = {
					163156CE219EC7CA00ADCAC4 = {
						CreatedOnToolsVersion = 9.4.1;
					};
					163156E5219EC7CE00ADCAC4 = {
						CreatedOnToolsVersion = 9.4.1;
						TestTargetID = 163156CE219EC7CA00ADCAC4;
					};
					163156F0219EC7CE00ADCAC4 = {
						CreatedOnToolsVersion = 9.4.1;
						TestTargetID = 163156CE219EC7CA00ADCAC4;
					};
				};
			};
			buildConfigurationList = 163156CA219EC7CA00ADCAC4 /* Build configuration list for PBXProject "TrusButCheck" */;
			compatibilityVersion = "Xcode 9.3";
			developmentRegion = en;
			hasScannedForEncodings = 0;
			knownRegions = (
				en,
				Base,
			);
			mainGroup = 163156C6219EC7CA00ADCAC4;
			productRefGroup = 163156D0219EC7CA00ADCAC4 /* Products */;
			projectDirPath = "";
			projectRoot = "";
			targets = (
				163156CE219EC7CA00ADCAC4 /* TrusButCheck */,
				163156E5219EC7CE00ADCAC4 /* TrusButCheckTests */,
				163156F0219EC7CE00ADCAC4 /* TrusButCheckUITests */,
			);
		};
/* End PBXProject section */

/* Begin PBXResourcesBuildPhase section */
		163156CD219EC7CA00ADCAC4 /* Resources */ = {
			isa = PBXResourcesBuildPhase;
			buildActionMask = 2147483647;
			files = (
				163156E0219EC7CE00ADCAC4 /* LaunchScreen.storyboard in Resources */,
				163156DD219EC7CE00ADCAC4 /* Assets.xcassets in Resources */,
				163156D8219EC7CA00ADCAC4 /* Main.storyboard in Resources */,
			);
			runOnlyForDeploymentPostprocessing = 0;
		};
		163156E4219EC7CE00ADCAC4 /* Resources */ = {
			isa = PBXResourcesBuildPhase;
			buildActionMask = 2147483647;
			files = (
			);
			runOnlyForDeploymentPostprocessing = 0;
		};
		163156EF219EC7CE00ADCAC4 /* Resources */ = {
			isa = PBXResourcesBuildPhase;
			buildActionMask = 2147483647;
			files = (
			);
			runOnlyForDeploymentPostprocessing = 0;
		};
/* End PBXResourcesBuildPhase section */

/* Begin PBXSourcesBuildPhase section */
		163156CB219EC7CA00ADCAC4 /* Sources */ = {
			isa = PBXSourcesBuildPhase;
			buildActionMask = 2147483647;
			files = (
				163156D5219EC7CA00ADCAC4 /* ViewController.swift in Sources */,
				163156D3219EC7CA00ADCAC4 /* AppDelegate.swift in Sources */,
				163156DB219EC7CA00ADCAC4 /* TrusButCheck.xcdatamodeld in Sources */,
			);
			runOnlyForDeploymentPostprocessing = 0;
		};
		163156E2219EC7CE00ADCAC4 /* Sources */ = {
			isa = PBXSourcesBuildPhase;
			buildActionMask = 2147483647;
			files = (
				163156EB219EC7CE00ADCAC4 /* TrusButCheckTests.swift in Sources */,
			);
			runOnlyForDeploymentPostprocessing = 0;
		};
		163156ED219EC7CE00ADCAC4 /* Sources */ = {
			isa = PBXSourcesBuildPhase;
			buildActionMask = 2147483647;
			files = (
				163156F6219EC7CE00ADCAC4 /* TrusButCheckUITests.swift in Sources */,
			);
			runOnlyForDeploymentPostprocessing = 0;
		};
/* End PBXSourcesBuildPhase section */

/* Begin PBXTargetDependency section */
		163156E8219EC7CE00ADCAC4 /* PBXTargetDependency */ = {
			isa = PBXTargetDependency;
			target = 163156CE219EC7CA00ADCAC4 /* TrusButCheck */;
			targetProxy = 163156E7219EC7CE00ADCAC4 /* PBXContainerItemProxy */;
		};
		163156F3219EC7CE00ADCAC4 /* PBXTargetDependency */ = {
			isa = PBXTargetDependency;
			target = 163156CE219EC7CA00ADCAC4 /* TrusButCheck */;
			targetProxy = 163156F2219EC7CE00ADCAC4 /* PBXContainerItemProxy */;
		};
/* End PBXTargetDependency section */

/* Begin PBXVariantGroup section */
		163156D6219EC7CA00ADCAC4 /* Main.storyboard */ = {
			isa = PBXVariantGroup;
			children = (
				163156D7219EC7CA00ADCAC4 /* Base */,
			);
			name = Main.storyboard;
			sourceTree = "<group>";
		};
		163156DE219EC7CE00ADCAC4 /* LaunchScreen.storyboard */ = {
			isa = PBXVariantGroup;
			children = (
				163156DF219EC7CE00ADCAC4 /* Base */,
			);
			name = LaunchScreen.storyboard;
			sourceTree = "<group>";
		};
/* End PBXVariantGroup section */

/* Begin XCBuildConfiguration section */
		163156F8219EC7CE00ADCAC4 /* Debug */ = {
			isa = XCBuildConfiguration;
			buildSettings = {
				ALWAYS_SEARCH_USER_PATHS = NO;
				CLANG_ANALYZER_NONNULL = YES;
				CLANG_ANALYZER_NUMBER_OBJECT_CONVERSION = YES_AGGRESSIVE;
				CLANG_CXX_LANGUAGE_STANDARD = "gnu++14";
				CLANG_CXX_LIBRARY = "libc++";
				CLANG_ENABLE_MODULES = YES;
				CLANG_ENABLE_OBJC_ARC = YES;
				CLANG_ENABLE_OBJC_WEAK = YES;
				CLANG_WARN_BLOCK_CAPTURE_AUTORELEASING = YES;
				CLANG_WARN_BOOL_CONVERSION = YES;
				CLANG_WARN_COMMA = YES;
				CLANG_WARN_CONSTANT_CONVERSION = YES;
				CLANG_WARN_DEPRECATED_OBJC_IMPLEMENTATIONS = YES;
				CLANG_WARN_DIRECT_OBJC_ISA_USAGE = YES_ERROR;
				CLANG_WARN_DOCUMENTATION_COMMENTS = YES;
				CLANG_WARN_EMPTY_BODY = YES;
				CLANG_WARN_ENUM_CONVERSION = YES;
				CLANG_WARN_INFINITE_RECURSION = YES;
				CLANG_WARN_INT_CONVERSION = YES;
				CLANG_WARN_NON_LITERAL_NULL_CONVERSION = YES;
				CLANG_WARN_OBJC_IMPLICIT_RETAIN_SELF = YES;
				CLANG_WARN_OBJC_LITERAL_CONVERSION = YES;
				CLANG_WARN_OBJC_ROOT_CLASS = YES_ERROR;
				CLANG_WARN_RANGE_LOOP_ANALYSIS = YES;
				CLANG_WARN_STRICT_PROTOTYPES = YES;
				CLANG_WARN_SUSPICIOUS_MOVE = YES;
				CLANG_WARN_UNGUARDED_AVAILABILITY = YES_AGGRESSIVE;
				CLANG_WARN_UNREACHABLE_CODE = YES;
				CLANG_WARN__DUPLICATE_METHOD_MATCH = YES;
				CODE_SIGN_IDENTITY = "iPhone Developer";
				COPY_PHASE_STRIP = NO;
				DEBUG_INFORMATION_FORMAT = dwarf;
				ENABLE_STRICT_OBJC_MSGSEND = YES;
				ENABLE_TESTABILITY = YES;
				GCC_C_LANGUAGE_STANDARD = gnu11;
				GCC_DYNAMIC_NO_PIC = NO;
				GCC_NO_COMMON_BLOCKS = YES;
				GCC_OPTIMIZATION_LEVEL = 0;
				GCC_PREPROCESSOR_DEFINITIONS = (
					"DEBUG=1",
					"$(inherited)",
				);
				GCC_WARN_64_TO_32_BIT_CONVERSION = YES;
				GCC_WARN_ABOUT_RETURN_TYPE = YES_ERROR;
				GCC_WARN_UNDECLARED_SELECTOR = YES;
				GCC_WARN_UNINITIALIZED_AUTOS = YES_AGGRESSIVE;
				GCC_WARN_UNUSED_FUNCTION = YES;
				GCC_WARN_UNUSED_VARIABLE = YES;
				IPHONEOS_DEPLOYMENT_TARGET = 11.4;
				MTL_ENABLE_DEBUG_INFO = YES;
				ONLY_ACTIVE_ARCH = YES;
				SDKROOT = iphoneos;
				SWIFT_ACTIVE_COMPILATION_CONDITIONS = DEBUG;
				SWIFT_OPTIMIZATION_LEVEL = "-Onone";
			};
			name = Debug;
		};
		163156F9219EC7CE00ADCAC4 /* Release */ = {
			isa = XCBuildConfiguration;
			buildSettings = {
				ALWAYS_SEARCH_USER_PATHS = NO;
				CLANG_ANALYZER_NONNULL = YES;
				CLANG_ANALYZER_NUMBER_OBJECT_CONVERSION = YES_AGGRESSIVE;
				CLANG_CXX_LANGUAGE_STANDARD = "gnu++14";
				CLANG_CXX_LIBRARY = "libc++";
				CLANG_ENABLE_MODULES = YES;
				CLANG_ENABLE_OBJC_ARC = YES;
				CLANG_ENABLE_OBJC_WEAK = YES;
				CLANG_WARN_BLOCK_CAPTURE_AUTORELEASING = YES;
				CLANG_WARN_BOOL_CONVERSION = YES;
				CLANG_WARN_COMMA = YES;
				CLANG_WARN_CONSTANT_CONVERSION = YES;
				CLANG_WARN_DEPRECATED_OBJC_IMPLEMENTATIONS = YES;
				CLANG_WARN_DIRECT_OBJC_ISA_USAGE = YES_ERROR;
				CLANG_WARN_DOCUMENTATION_COMMENTS = YES;
				CLANG_WARN_EMPTY_BODY = YES;
				CLANG_WARN_ENUM_CONVERSION = YES;
				CLANG_WARN_INFINITE_RECURSION = YES;
				CLANG_WARN_INT_CONVERSION = YES;
				CLANG_WARN_NON_LITERAL_NULL_CONVERSION = YES;
				CLANG_WARN_OBJC_IMPLICIT_RETAIN_SELF = YES;
				CLANG_WARN_OBJC_LITERAL_CONVERSION = YES;
				CLANG_WARN_OBJC_ROOT_CLASS = YES_ERROR;
				CLANG_WARN_RANGE_LOOP_ANALYSIS = YES;
				CLANG_WARN_STRICT_PROTOTYPES = YES;
				CLANG_WARN_SUSPICIOUS_MOVE = YES;
				CLANG_WARN_UNGUARDED_AVAILABILITY = YES_AGGRESSIVE;
				CLANG_WARN_UNREACHABLE_CODE = YES;
				CLANG_WARN__DUPLICATE_METHOD_MATCH = YES;
				CODE_SIGN_IDENTITY = "iPhone Developer";
				COPY_PHASE_STRIP = NO;
				DEBUG_INFORMATION_FORMAT = "dwarf-with-dsym";
				ENABLE_NS_ASSERTIONS = NO;
				ENABLE_STRICT_OBJC_MSGSEND = YES;
				GCC_C_LANGUAGE_STANDARD = gnu11;
				GCC_NO_COMMON_BLOCKS = YES;
				GCC_WARN_64_TO_32_BIT_CONVERSION = YES;
				GCC_WARN_ABOUT_RETURN_TYPE = YES_ERROR;
				GCC_WARN_UNDECLARED_SELECTOR = YES;
				GCC_WARN_UNINITIALIZED_AUTOS = YES_AGGRESSIVE;
				GCC_WARN_UNUSED_FUNCTION = YES;
				GCC_WARN_UNUSED_VARIABLE = YES;
				IPHONEOS_DEPLOYMENT_TARGET = 11.4;
				MTL_ENABLE_DEBUG_INFO = NO;
				SDKROOT = iphoneos;
				SWIFT_COMPILATION_MODE = wholemodule;
				SWIFT_OPTIMIZATION_LEVEL = "-O";
				VALIDATE_PRODUCT = YES;
			};
			name = Release;
		};
		163156FB219EC7CE00ADCAC4 /* Debug */ = {
			isa = XCBuildConfiguration;
			buildSettings = {
				ASSETCATALOG_COMPILER_APPICON_NAME = AppIcon;
				CODE_SIGN_STYLE = Automatic;
				DEVELOPMENT_TEAM = 2CF9QWSB8J;
				INFOPLIST_FILE = TrusButCheck/Info.plist;
				LD_RUNPATH_SEARCH_PATHS = (
					"$(inherited)",
					"@executable_path/Frameworks",
				);
				PRODUCT_BUNDLE_IDENTIFIER = "Jesse-Flores.TrusButCheck";
				PRODUCT_NAME = "$(TARGET_NAME)";
				SWIFT_VERSION = 4.0;
				TARGETED_DEVICE_FAMILY = "1,2";
			};
			name = Debug;
		};
		163156FC219EC7CE00ADCAC4 /* Release */ = {
			isa = XCBuildConfiguration;
			buildSettings = {
				ASSETCATALOG_COMPILER_APPICON_NAME = AppIcon;
				CODE_SIGN_STYLE = Automatic;
				DEVELOPMENT_TEAM = 2CF9QWSB8J;
				INFOPLIST_FILE = TrusButCheck/Info.plist;
				LD_RUNPATH_SEARCH_PATHS = (
					"$(inherited)",
					"@executable_path/Frameworks",
				);
				PRODUCT_BUNDLE_IDENTIFIER = "Jesse-Flores.TrusButCheck";
				PRODUCT_NAME = "$(TARGET_NAME)";
				SWIFT_VERSION = 4.0;
				TARGETED_DEVICE_FAMILY = "1,2";
			};
			name = Release;
		};
		163156FE219EC7CE00ADCAC4 /* Debug */ = {
			isa = XCBuildConfiguration;
			buildSettings = {
				ALWAYS_EMBED_SWIFT_STANDARD_LIBRARIES = YES;
				BUNDLE_LOADER = "$(TEST_HOST)";
				CODE_SIGN_STYLE = Automatic;
				DEVELOPMENT_TEAM = 2CF9QWSB8J;
				INFOPLIST_FILE = TrusButCheckTests/Info.plist;
				LD_RUNPATH_SEARCH_PATHS = (
					"$(inherited)",
					"@executable_path/Frameworks",
					"@loader_path/Frameworks",
				);
				PRODUCT_BUNDLE_IDENTIFIER = "Jesse-Flores.TrusButCheckTests";
				PRODUCT_NAME = "$(TARGET_NAME)";
				SWIFT_VERSION = 4.0;
				TARGETED_DEVICE_FAMILY = "1,2";
				TEST_HOST = "$(BUILT_PRODUCTS_DIR)/TrusButCheck.app/TrusButCheck";
			};
			name = Debug;
		};
		163156FF219EC7CE00ADCAC4 /* Release */ = {
			isa = XCBuildConfiguration;
			buildSettings = {
				ALWAYS_EMBED_SWIFT_STANDARD_LIBRARIES = YES;
				BUNDLE_LOADER = "$(TEST_HOST)";
				CODE_SIGN_STYLE = Automatic;
				DEVELOPMENT_TEAM = 2CF9QWSB8J;
				INFOPLIST_FILE = TrusButCheckTests/Info.plist;
				LD_RUNPATH_SEARCH_PATHS = (
					"$(inherited)",
					"@executable_path/Frameworks",
					"@loader_path/Frameworks",
				);
				PRODUCT_BUNDLE_IDENTIFIER = "Jesse-Flores.TrusButCheckTests";
				PRODUCT_NAME = "$(TARGET_NAME)";
				SWIFT_VERSION = 4.0;
				TARGETED_DEVICE_FAMILY = "1,2";
				TEST_HOST = "$(BUILT_PRODUCTS_DIR)/TrusButCheck.app/TrusButCheck";
			};
			name = Release;
		};
		16315701219EC7CE00ADCAC4 /* Debug */ = {
			isa = XCBuildConfiguration;
			buildSettings = {
				ALWAYS_EMBED_SWIFT_STANDARD_LIBRARIES = YES;
				CODE_SIGN_STYLE = Automatic;
				DEVELOPMENT_TEAM = 2CF9QWSB8J;
				INFOPLIST_FILE = TrusButCheckUITests/Info.plist;
				LD_RUNPATH_SEARCH_PATHS = (
					"$(inherited)",
					"@executable_path/Frameworks",
					"@loader_path/Frameworks",
				);
				PRODUCT_BUNDLE_IDENTIFIER = "Jesse-Flores.TrusButCheckUITests";
				PRODUCT_NAME = "$(TARGET_NAME)";
				SWIFT_VERSION = 4.0;
				TARGETED_DEVICE_FAMILY = "1,2";
				TEST_TARGET_NAME = TrusButCheck;
			};
			name = Debug;
		};
		16315702219EC7CE00ADCAC4 /* Release */ = {
			isa = XCBuildConfiguration;
			buildSettings = {
				ALWAYS_EMBED_SWIFT_STANDARD_LIBRARIES = YES;
				CODE_SIGN_STYLE = Automatic;
				DEVELOPMENT_TEAM = 2CF9QWSB8J;
				INFOPLIST_FILE = TrusButCheckUITests/Info.plist;
				LD_RUNPATH_SEARCH_PATHS = (
					"$(inherited)",
					"@executable_path/Frameworks",
					"@loader_path/Frameworks",
				);
				PRODUCT_BUNDLE_IDENTIFIER = "Jesse-Flores.TrusButCheckUITests";
				PRODUCT_NAME = "$(TARGET_NAME)";
				SWIFT_VERSION = 4.0;
				TARGETED_DEVICE_FAMILY = "1,2";
				TEST_TARGET_NAME = TrusButCheck;
			};
			name = Release;
		};
/* End XCBuildConfiguration section */

/* Begin XCConfigurationList section */
		163156CA219EC7CA00ADCAC4 /* Build configuration list for PBXProject "TrusButCheck" */ = {
			isa = XCConfigurationList;
			buildConfigurations = (
				163156F8219EC7CE00ADCAC4 /* Debug */,
				163156F9219EC7CE00ADCAC4 /* Release */,
			);
			defaultConfigurationIsVisible = 0;
			defaultConfigurationName = Release;
		};
		163156FA219EC7CE00ADCAC4 /* Build configuration list for PBXNativeTarget "TrusButCheck" */ = {
			isa = XCConfigurationList;
			buildConfigurations = (
				163156FB219EC7CE00ADCAC4 /* Debug */,
				163156FC219EC7CE00ADCAC4 /* Release */,
			);
			defaultConfigurationIsVisible = 0;
			defaultConfigurationName = Release;
		};
		163156FD219EC7CE00ADCAC4 /* Build configuration list for PBXNativeTarget "TrusButCheckTests" */ = {
			isa = XCConfigurationList;
			buildConfigurations = (
				163156FE219EC7CE00ADCAC4 /* Debug */,
				163156FF219EC7CE00ADCAC4 /* Release */,
			);
			defaultConfigurationIsVisible = 0;
			defaultConfigurationName = Release;
		};
		16315700219EC7CE00ADCAC4 /* Build configuration list for PBXNativeTarget "TrusButCheckUITests" */ = {
			isa = XCConfigurationList;
			buildConfigurations = (
				16315701219EC7CE00ADCAC4 /* Debug */,
				16315702219EC7CE00ADCAC4 /* Release */,
			);
			defaultConfigurationIsVisible = 0;
			defaultConfigurationName = Release;
		};
/* End XCConfigurationList section */

/* Begin XCVersionGroup section */
		163156D9219EC7CA00ADCAC4 /* TrusButCheck.xcdatamodeld */ = {
			isa = XCVersionGroup;
			children = (
				163156DA219EC7CA00ADCAC4 /* TrusButCheck.xcdatamodel */,
			);
			currentVersion = 163156DA219EC7CA00ADCAC4 /* TrusButCheck.xcdatamodel */;
			path = TrusButCheck.xcdatamodeld;
			sourceTree = "<group>";
			versionGroupType = wrapper.xcdatamodel;
		};
/* End XCVersionGroup section */
	};
	rootObject = 163156C7219EC7CA00ADCAC4 /* Project object */;
}
